{
  "pins" : [
    {
      "identity" : "toastui",
      "kind" : "remoteSourceControl",
      "location" : "https://github.com/quanshousio/ToastUI.git",
      "state" : {
        "revision" : "146e2f52c132f681fbf798c8c9f0eb52f021f346",
        "version" : "4.0.0"
      }
    }
  ],
  "version" : 2
}
