// !$*UTF8*$!
{
	archiveVersion = 1;
	classes = {
	};
	objectVersion = 60;
	objects = {

/* Begin PBXBuildFile section */
		501DB9CD11BCF8FE9606DAD3 /* Pods_FaceAISDK_iOS.framework in Frameworks */ = {isa = PBXBuildFile; fileRef = 57F3A1D30D9A027B64E4481D /* Pods_FaceAISDK_iOS.framework */; };
		7C600D4F2EDEB8A3005EEEDD /* CustomToastView.swift in Sources */ = {isa = PBXBuildFile; fileRef = 7C600D4E2EDEB8A3005EEEDD /* CustomToastView.swift */; };
		7C784BBA2F1635AC0086B329 /* ScreenBrightnessHelper.swift in Sources */ = {isa = PBXBuildFile; fileRef = 7C784BB92F1635AB0086B329 /* ScreenBrightnessHelper.swift */; };
		7CC17EC43010C6CD00E365ED /* SDKDebugApp.swift in Sources */ = {isa = PBXBuildFile; fileRef = 7CC17EC33010C6CD00E365ED /* SDKDebugApp.swift */; };
		7CC46D2C2F9A1F350077B293 /* FaceSDKCameraView.swift in Sources */ = {isa = PBXBuildFile; fileRef = 7CC46D2B2F9A1F350077B293 /* FaceSDKCameraView.swift */; };
		7CD054CE2EDE7E6300EA3E37 /* FaceAINaviView.swift in Sources */ = {isa = PBXBuildFile; fileRef = 7CD054C72EDE7E6300EA3E37 /* FaceAINaviView.swift */; };
		7CD054D22EDE7E6300EA3E37 /* Localizable.xcstrings in Resources */ = {isa = PBXBuildFile; fileRef = 7CD054CB2EDE7E6300EA3E37 /* Localizable.xcstrings */; };
		7CD054D32EDE7E6300EA3E37 /* VerifyFaceView.swift in Sources */ = {isa = PBXBuildFile; fileRef = 7CD054CC2EDE7E6300EA3E37 /* VerifyFaceView.swift */; };
		7CD054D42EDE7E6300EA3E37 /* LivenessDetectView.swift in Sources */ = {isa = PBXBuildFile; fileRef = 7CD054CD2EDE7E6300EA3E37 /* LivenessDetectView.swift */; };
		7CFB91332EDE7D6200F01A21 /* Assets.xcassets in Resources */ = {isa = PBXBuildFile; fileRef = 7CFB91322EDE7D6200F01A21 /* Assets.xcassets */; };
		CF7F7C8E2FA970470018164A /* TTSPlayer.swift in Sources */ = {isa = PBXBuildFile; fileRef = CF7F7C8D2FA970470018164A /* TTSPlayer.swift */; };
		CFB0BAD42F6E22BA00EF438F /* VerifyTwoFaceSimiView.swift in Sources */ = {isa = PBXBuildFile; fileRef = CFB0BAD22F6E22BA00EF438F /* VerifyTwoFaceSimiView.swift */; };
		CFB0BAD52F6E22BA00EF438F /* AddFaceByImage.swift in Sources */ = {isa = PBXBuildFile; fileRef = CFB0BAD02F6E22BA00EF438F /* AddFaceByImage.swift */; };
		CFB0BAD62F6E22BA00EF438F /* ImagePicker.swift in Sources */ = {isa = PBXBuildFile; fileRef = CFB0BAD12F6E22BA00EF438F /* ImagePicker.swift */; };
		CFB0BAD72F6E22BA00EF438F /* AddFaceByCamera.swift in Sources */ = {isa = PBXBuildFile; fileRef = CFB0BACF2F6E22BA00EF438F /* AddFaceByCamera.swift */; };
/* End PBXBuildFile section */

/* Begin PBXFileReference section */
		0AD83DB9F43FA3ECFEF34586 /* Pods-FaceAISDK_iOS.release.xcconfig */ = {isa = PBXFileReference; includeInIndex = 1; lastKnownFileType = text.xcconfig; name = "Pods-FaceAISDK_iOS.release.xcconfig"; path = "Target Support Files/Pods-FaceAISDK_iOS/Pods-FaceAISDK_iOS.release.xcconfig"; sourceTree = "<group>"; };
		57F3A1D30D9A027B64E4481D /* Pods_FaceAISDK_iOS.framework */ = {isa = PBXFileReference; explicitFileType = wrapper.framework; includeInIndex = 0; path = Pods_FaceAISDK_iOS.framework; sourceTree = BUILT_PRODUCTS_DIR; };
		7C600D4E2EDEB8A3005EEEDD /* CustomToastView.swift */ = {isa = PBXFileReference; fileEncoding = 4; lastKnownFileType = sourcecode.swift; path = CustomToastView.swift; sourceTree = "<group>"; };
		7C784BB92F1635AB0086B329 /* ScreenBrightnessHelper.swift */ = {isa = PBXFileReference; fileEncoding = 4; lastKnownFileType = sourcecode.swift; path = ScreenBrightnessHelper.swift; sourceTree = "<group>"; };
		7CC17EC33010C6CD00E365ED /* SDKDebugApp.swift */ = {isa = PBXFileReference; fileEncoding = 4; lastKnownFileType = sourcecode.swift; path = SDKDebugApp.swift; sourceTree = "<group>"; };
		7CC46D2B2F9A1F350077B293 /* FaceSDKCameraView.swift */ = {isa = PBXFileReference; fileEncoding = 4; lastKnownFileType = sourcecode.swift; path = FaceSDKCameraView.swift; sourceTree = "<group>"; };
		7CD054C72EDE7E6300EA3E37 /* FaceAINaviView.swift */ = {isa = PBXFileReference; fileEncoding = 4; lastKnownFileType = sourcecode.swift; path = FaceAINaviView.swift; sourceTree = "<group>"; };
		7CD054CB2EDE7E6300EA3E37 /* Localizable.xcstrings */ = {isa = PBXFileReference; fileEncoding = 4; lastKnownFileType = text.json.xcstrings; path = Localizable.xcstrings; sourceTree = "<group>"; };
		7CD054CC2EDE7E6300EA3E37 /* VerifyFaceView.swift */ = {isa = PBXFileReference; fileEncoding = 4; lastKnownFileType = sourcecode.swift; path = VerifyFaceView.swift; sourceTree = "<group>"; };
		7CD054CD2EDE7E6300EA3E37 /* LivenessDetectView.swift */ = {isa = PBXFileReference; fileEncoding = 4; lastKnownFileType = sourcecode.swift; path = LivenessDetectView.swift; sourceTree = "<group>"; };
		7CFB912B2EDE7D5F00F01A21 /* FaceAISDK_iOS.app */ = {isa = PBXFileReference; explicitFileType = wrapper.application; includeInIndex = 0; path = FaceAISDK_iOS.app; sourceTree = BUILT_PRODUCTS_DIR; };
		7CFB91322EDE7D6200F01A21 /* Assets.xcassets */ = {isa = PBXFileReference; lastKnownFileType = folder.assetcatalog; path = Assets.xcassets; sourceTree = "<group>"; };
		962B8699098C6B58AB2997A8 /* Pods-FaceAISDK_iOS.debug.xcconfig */ = {isa = PBXFileReference; includeInIndex = 1; lastKnownFileType = text.xcconfig; name = "Pods-FaceAISDK_iOS.debug.xcconfig"; path = "Target Support Files/Pods-FaceAISDK_iOS/Pods-FaceAISDK_iOS.debug.xcconfig"; sourceTree = "<group>"; };
		CF7F7C8D2FA970470018164A /* TTSPlayer.swift */ = {isa = PBXFileReference; lastKnownFileType = sourcecode.swift; path = TTSPlayer.swift; sourceTree = "<group>"; };
		CFB0BACF2F6E22BA00EF438F /* AddFaceByCamera.swift */ = {isa = PBXFileReference; lastKnownFileType = sourcecode.swift; path = AddFaceByCamera.swift; sourceTree = "<group>"; };
		CFB0BAD02F6E22BA00EF438F /* AddFaceByImage.swift */ = {isa = PBXFileReference; lastKnownFileType = sourcecode.swift; path = AddFaceByImage.swift; sourceTree = "<group>"; };
		CFB0BAD12F6E22BA00EF438F /* ImagePicker.swift */ = {isa = PBXFileReference; lastKnownFileType = sourcecode.swift; path = ImagePicker.swift; sourceTree = "<group>"; };
		CFB0BAD22F6E22BA00EF438F /* VerifyTwoFaceSimiView.swift */ = {isa = PBXFileReference; lastKnownFileType = sourcecode.swift; path = VerifyTwoFaceSimiView.swift; sourceTree = "<group>"; };
/* End PBXFileReference section */

/* Begin PBXFrameworksBuildPhase section */
		7CFB91282EDE7D5F00F01A21 /* Frameworks */ = {
			isa = PBXFrameworksBuildPhase;
			buildActionMask = 2147483647;
			files = (
				501DB9CD11BCF8FE9606DAD3 /* Pods_FaceAISDK_iOS.framework in Frameworks */,
			);
			runOnlyForDeploymentPostprocessing = 0;
		};
/* End PBXFrameworksBuildPhase section */

/* Begin PBXGroup section */
		544B5B540412ADC5717B90B3 /* Frameworks */ = {
			isa = PBXGroup;
			children = (
				57F3A1D30D9A027B64E4481D /* Pods_FaceAISDK_iOS.framework */,
			);
			name = Frameworks;
			sourceTree = "<group>";
		};
		7CFB91222EDE7D5F00F01A21 = {
			isa = PBXGroup;
			children = (
				7CFB912D2EDE7D5F00F01A21 /* FaceAISDK_iOS */,
				7CFB912C2EDE7D5F00F01A21 /* Products */,
				CA9698F986369A4029CA9251 /* Pods */,
				544B5B540412ADC5717B90B3 /* Frameworks */,
			);
			sourceTree = "<group>";
		};
		7CFB912C2EDE7D5F00F01A21 /* Products */ = {
			isa = PBXGroup;
			children = (
				7CFB912B2EDE7D5F00F01A21 /* FaceAISDK_iOS.app */,
			);
			name = Products;
			sourceTree = "<group>";
		};
		7CFB912D2EDE7D5F00F01A21 /* FaceAISDK_iOS */ = {
			isa = PBXGroup;
			children = (
				CFB0BAD32F6E22BA00EF438F /* addFace */,
				7C600D4E2EDEB8A3005EEEDD /* CustomToastView.swift */,
				7C784BB92F1635AB0086B329 /* ScreenBrightnessHelper.swift */,
				7CC46D2B2F9A1F350077B293 /* FaceSDKCameraView.swift */,
				7CD054C72EDE7E6300EA3E37 /* FaceAINaviView.swift */,
				7CC17EC33010C6CD00E365ED /* SDKDebugApp.swift */,
				CF7F7C8D2FA970470018164A /* TTSPlayer.swift */,
				7CD054CD2EDE7E6300EA3E37 /* LivenessDetectView.swift */,
				7CD054CC2EDE7E6300EA3E37 /* VerifyFaceView.swift */,
				7CD054CB2EDE7E6300EA3E37 /* Localizable.xcstrings */,
				7CFB91322EDE7D6200F01A21 /* Assets.xcassets */,
			);
			path = FaceAISDK_iOS;
			sourceTree = "<group>";
		};
		CA9698F986369A4029CA9251 /* Pods */ = {
			isa = PBXGroup;
			children = (
				962B8699098C6B58AB2997A8 /* Pods-FaceAISDK_iOS.debug.xcconfig */,
				0AD83DB9F43FA3ECFEF34586 /* Pods-FaceAISDK_iOS.release.xcconfig */,
			);
			path = Pods;
			sourceTree = "<group>";
		};
		CFB0BAD32F6E22BA00EF438F /* addFace */ = {
			isa = PBXGroup;
			children = (
				CFB0BACF2F6E22BA00EF438F /* AddFaceByCamera.swift */,
				CFB0BAD02F6E22BA00EF438F /* AddFaceByImage.swift */,
				CFB0BAD12F6E22BA00EF438F /* ImagePicker.swift */,
				CFB0BAD22F6E22BA00EF438F /* VerifyTwoFaceSimiView.swift */,
			);
			path = addFace;
			sourceTree = "<group>";
		};
/* End PBXGroup section */

/* Begin PBXNativeTarget section */
		7CFB912A2EDE7D5F00F01A21 /* FaceAISDK_iOS */ = {
			isa = PBXNativeTarget;
			buildConfigurationList = 7CFB91392EDE7D6200F01A21 /* Build configuration list for PBXNativeTarget "FaceAISDK_iOS" */;
			buildPhases = (
				0D7ECB18D1951A969F8A696B /* [CP] Check Pods Manifest.lock */,
				7CFB91272EDE7D5F00F01A21 /* Sources */,
				7CFB91282EDE7D5F00F01A21 /* Frameworks */,
				7CFB91292EDE7D5F00F01A21 /* Resources */,
				5C174A46DE2BDEF0F65C4DB3 /* [CP] Copy Pods Resources */,
			);
			buildRules = (
			);
			dependencies = (
			);
			name = FaceAISDK_iOS;
			productName = FaceAISDK_iOS;
			productReference = 7CFB912B2EDE7D5F00F01A21 /* FaceAISDK_iOS.app */;
			productType = "com.apple.product-type.application";
		};
/* End PBXNativeTarget section */

/* Begin PBXProject section */
		7CFB91232EDE7D5F00F01A21 /* Project object */ = {
			isa = PBXProject;
			attributes = {
				BuildIndependentTargetsInParallel = 1;
				LastSwiftUpdateCheck = 1520;
				LastUpgradeCheck = 1520;
				TargetAttributes = {
					7CFB912A2EDE7D5F00F01A21 = {
						CreatedOnToolsVersion = 15.2;
					};
				};
			};
			buildConfigurationList = 7CFB91262EDE7D5F00F01A21 /* Build configuration list for PBXProject "FaceAISDK_iOS" */;
			compatibilityVersion = "Xcode 15.0";
			developmentRegion = en;
			hasScannedForEncodings = 0;
			knownRegions = (
				en,
				Base,
			);
			mainGroup = 7CFB91222EDE7D5F00F01A21;
			productRefGroup = 7CFB912C2EDE7D5F00F01A21 /* Products */;
			projectDirPath = "";
			projectRoot = "";
			targets = (
				7CFB912A2EDE7D5F00F01A21 /* FaceAISDK_iOS */,
			);
		};
/* End PBXProject section */

/* Begin PBXResourcesBuildPhase section */
		7CFB91292EDE7D5F00F01A21 /* Resources */ = {
			isa = PBXResourcesBuildPhase;
			buildActionMask = 2147483647;
			files = (
				7CD054D22EDE7E6300EA3E37 /* Localizable.xcstrings in Resources */,
				7CFB91332EDE7D6200F01A21 /* Assets.xcassets in Resources */,
			);
			runOnlyForDeploymentPostprocessing = 0;
		};
/* End PBXResourcesBuildPhase section */

/* Begin PBXShellScriptBuildPhase section */
		0D7ECB18D1951A969F8A696B /* [CP] Check Pods Manifest.lock */ = {
			isa = PBXShellScriptBuildPhase;
			buildActionMask = 2147483647;
			files = (
			);
			inputFileListPaths = (
			);
			inputPaths = (
				"${PODS_PODFILE_DIR_PATH}/Podfile.lock",
				"${PODS_ROOT}/Manifest.lock",
			);
			name = "[CP] Check Pods Manifest.lock";
			outputFileListPaths = (
			);
			outputPaths = (
				"$(DERIVED_FILE_DIR)/Pods-FaceAISDK_iOS-checkManifestLockResult.txt",
			);
			runOnlyForDeploymentPostprocessing = 0;
			shellPath = /bin/sh;
			shellScript = "diff \"${PODS_PODFILE_DIR_PATH}/Podfile.lock\" \"${PODS_ROOT}/Manifest.lock\" > /dev/null\nif [ $? != 0 ] ; then\n    # print error to STDERR\n    echo \"error: The sandbox is not in sync with the Podfile.lock. Run 'pod install' or update your CocoaPods installation.\" >&2\n    exit 1\nfi\n# This output is used by Xcode 'outputs' to avoid re-running this script phase.\necho \"SUCCESS\" > \"${SCRIPT_OUTPUT_FILE_0}\"\n";
			showEnvVarsInLog = 0;
		};
		5C174A46DE2BDEF0F65C4DB3 /* [CP] Copy Pods Resources */ = {
			isa = PBXShellScriptBuildPhase;
			buildActionMask = 2147483647;
			files = (
			);
			inputFileListPaths = (
				"${PODS_ROOT}/Target Support Files/Pods-FaceAISDK_iOS/Pods-FaceAISDK_iOS-resources-${CONFIGURATION}-input-files.xcfilelist",
			);
			name = "[CP] Copy Pods Resources";
			outputFileListPaths = (
				"${PODS_ROOT}/Target Support Files/Pods-FaceAISDK_iOS/Pods-FaceAISDK_iOS-resources-${CONFIGURATION}-output-files.xcfilelist",
			);
			runOnlyForDeploymentPostprocessing = 0;
			shellPath = /bin/sh;
			shellScript = "\"${PODS_ROOT}/Target Support Files/Pods-FaceAISDK_iOS/Pods-FaceAISDK_iOS-resources.sh\"\n";
			showEnvVarsInLog = 0;
		};
/* End PBXShellScriptBuildPhase section */

/* Begin PBXSourcesBuildPhase section */
		7CFB91272EDE7D5F00F01A21 /* Sources */ = {
			isa = PBXSourcesBuildPhase;
			buildActionMask = 2147483647;
			files = (
				7C784BBA2F1635AC0086B329 /* ScreenBrightnessHelper.swift in Sources */,
				7C600D4F2EDEB8A3005EEEDD /* CustomToastView.swift in Sources */,
				CF7F7C8E2FA970470018164A /* TTSPlayer.swift in Sources */,
				CFB0BAD42F6E22BA00EF438F /* VerifyTwoFaceSimiView.swift in Sources */,
				7CC46D2C2F9A1F350077B293 /* FaceSDKCameraView.swift in Sources */,
				CFB0BAD52F6E22BA00EF438F /* AddFaceByImage.swift in Sources */,
				7CC17EC43010C6CD00E365ED /* SDKDebugApp.swift in Sources */,
				CFB0BAD62F6E22BA00EF438F /* ImagePicker.swift in Sources */,
				CFB0BAD72F6E22BA00EF438F /* AddFaceByCamera.swift in Sources */,
				7CD054D42EDE7E6300EA3E37 /* LivenessDetectView.swift in Sources */,
				7CD054D32EDE7E6300EA3E37 /* VerifyFaceView.swift in Sources */,
				7CD054CE2EDE7E6300EA3E37 /* FaceAINaviView.swift in Sources */,
			);
			runOnlyForDeploymentPostprocessing = 0;
		};
/* End PBXSourcesBuildPhase section */

/* Begin XCBuildConfiguration section */
		7CFB91372EDE7D6200F01A21 /* Debug */ = {
			isa = XCBuildConfiguration;
			buildSettings = {
				ALWAYS_SEARCH_USER_PATHS = NO;
				ASSETCATALOG_COMPILER_GENERATE_SWIFT_ASSET_SYMBOL_EXTENSIONS = YES;
				CLANG_ANALYZER_NONNULL = YES;
				CLANG_ANALYZER_NUMBER_OBJECT_CONVERSION = YES_AGGRESSIVE;
				CLANG_CXX_LANGUAGE_STANDARD = "gnu++20";
				CLANG_ENABLE_MODULES = YES;
				CLANG_ENABLE_OBJC_ARC = YES;
				CLANG_ENABLE_OBJC_WEAK = YES;
				CLANG_WARN_BLOCK_CAPTURE_AUTORELEASING = YES;
				CLANG_WARN_BOOL_CONVERSION = YES;
				CLANG_WARN_COMMA = YES;
				CLANG_WARN_CONSTANT_CONVERSION = YES;
				CLANG_WARN_DEPRECATED_OBJC_IMPLEMENTATIONS = YES;
				CLANG_WARN_DIRECT_OBJC_ISA_USAGE = YES_ERROR;
				CLANG_WARN_DOCUMENTATION_COMMENTS = YES;
				CLANG_WARN_EMPTY_BODY = YES;
				CLANG_WARN_ENUM_CONVERSION = YES;
				CLANG_WARN_INFINITE_RECURSION = YES;
				CLANG_WARN_INT_CONVERSION = YES;
				CLANG_WARN_NON_LITERAL_NULL_CONVERSION = YES;
				CLANG_WARN_OBJC_IMPLICIT_RETAIN_SELF = YES;
				CLANG_WARN_OBJC_LITERAL_CONVERSION = YES;
				CLANG_WARN_OBJC_ROOT_CLASS = YES_ERROR;
				CLANG_WARN_QUOTED_INCLUDE_IN_FRAMEWORK_HEADER = YES;
				CLANG_WARN_RANGE_LOOP_ANALYSIS = YES;
				CLANG_WARN_STRICT_PROTOTYPES = YES;
				CLANG_WARN_SUSPICIOUS_MOVE = YES;
				CLANG_WARN_UNGUARDED_AVAILABILITY = YES_AGGRESSIVE;
				CLANG_WARN_UNREACHABLE_CODE = YES;
				CLANG_WARN__DUPLICATE_METHOD_MATCH = YES;
				COPY_PHASE_STRIP = NO;
				DEBUG_INFORMATION_FORMAT = dwarf;
				ENABLE_STRICT_OBJC_MSGSEND = YES;
				ENABLE_TESTABILITY = YES;
				ENABLE_USER_SCRIPT_SANDBOXING = NO;
				GCC_C_LANGUAGE_STANDARD = gnu17;
				GCC_DYNAMIC_NO_PIC = NO;
				GCC_NO_COMMON_BLOCKS = YES;
				GCC_OPTIMIZATION_LEVEL = 0;
				GCC_PREPROCESSOR_DEFINITIONS = (
					"DEBUG=1",
					"$(inherited)",
				);
				GCC_WARN_64_TO_32_BIT_CONVERSION = YES;
				GCC_WARN_ABOUT_RETURN_TYPE = YES_ERROR;
				GCC_WARN_UNDECLARED_SELECTOR = YES;
				GCC_WARN_UNINITIALIZED_AUTOS = YES_AGGRESSIVE;
				GCC_WARN_UNUSED_FUNCTION = YES;
				GCC_WARN_UNUSED_VARIABLE = YES;
				IPHONEOS_DEPLOYMENT_TARGET = 15.5;
				LOCALIZATION_PREFERS_STRING_CATALOGS = YES;
				MTL_ENABLE_DEBUG_INFO = INCLUDE_SOURCE;
				MTL_FAST_MATH = YES;
				ONLY_ACTIVE_ARCH = YES;
				SDKROOT = iphoneos;
				SWIFT_ACTIVE_COMPILATION_CONDITIONS = "DEBUG $(inherited)";
				SWIFT_OPTIMIZATION_LEVEL = "-Onone";
			};
			name = Debug;
		};
		7CFB91382EDE7D6200F01A21 /* Release */ = {
			isa = XCBuildConfiguration;
			buildSettings = {
				ALWAYS_SEARCH_USER_PATHS = NO;
				ASSETCATALOG_COMPILER_GENERATE_SWIFT_ASSET_SYMBOL_EXTENSIONS = YES;
				CLANG_ANALYZER_NONNULL = YES;
				CLANG_ANALYZER_NUMBER_OBJECT_CONVERSION = YES_AGGRESSIVE;
				CLANG_CXX_LANGUAGE_STANDARD = "gnu++20";
				CLANG_ENABLE_MODULES = YES;
				CLANG_ENABLE_OBJC_ARC = YES;
				CLANG_ENABLE_OBJC_WEAK = YES;
				CLANG_WARN_BLOCK_CAPTURE_AUTORELEASING = YES;
				CLANG_WARN_BOOL_CONVERSION = YES;
				CLANG_WARN_COMMA = YES;
				CLANG_WARN_CONSTANT_CONVERSION = YES;
				CLANG_WARN_DEPRECATED_OBJC_IMPLEMENTATIONS = YES;
				CLANG_WARN_DIRECT_OBJC_ISA_USAGE = YES_ERROR;
				CLANG_WARN_DOCUMENTATION_COMMENTS = YES;
				CLANG_WARN_EMPTY_BODY = YES;
				CLANG_WARN_ENUM_CONVERSION = YES;
				CLANG_WARN_INFINITE_RECURSION = YES;
				CLANG_WARN_INT_CONVERSION = YES;
				CLANG_WARN_NON_LITERAL_NULL_CONVERSION = YES;
				CLANG_WARN_OBJC_IMPLICIT_RETAIN_SELF = YES;
				CLANG_WARN_OBJC_LITERAL_CONVERSION = YES;
				CLANG_WARN_OBJC_ROOT_CLASS = YES_ERROR;
				CLANG_WARN_QUOTED_INCLUDE_IN_FRAMEWORK_HEADER = YES;
				CLANG_WARN_RANGE_LOOP_ANALYSIS = YES;
				CLANG_WARN_STRICT_PROTOTYPES = YES;
				CLANG_WARN_SUSPICIOUS_MOVE = YES;
				CLANG_WARN_UNGUARDED_AVAILABILITY = YES_AGGRESSIVE;
				CLANG_WARN_UNREACHABLE_CODE = YES;
				CLANG_WARN__DUPLICATE_METHOD_MATCH = YES;
				COPY_PHASE_STRIP = NO;
				DEBUG_INFORMATION_FORMAT = "dwarf-with-dsym";
				ENABLE_NS_ASSERTIONS = NO;
				ENABLE_STRICT_OBJC_MSGSEND = YES;
				ENABLE_USER_SCRIPT_SANDBOXING = NO;
				GCC_C_LANGUAGE_STANDARD = gnu17;
				GCC_NO_COMMON_BLOCKS = YES;
				GCC_WARN_64_TO_32_BIT_CONVERSION = YES;
				GCC_WARN_ABOUT_RETURN_TYPE = YES_ERROR;
				GCC_WARN_UNDECLARED_SELECTOR = YES;
				GCC_WARN_UNINITIALIZED_AUTOS = YES_AGGRESSIVE;
				GCC_WARN_UNUSED_FUNCTION = YES;
				GCC_WARN_UNUSED_VARIABLE = YES;
				IPHONEOS_DEPLOYMENT_TARGET = 15.5;
				LOCALIZATION_PREFERS_STRING_CATALOGS = YES;
				MTL_ENABLE_DEBUG_INFO = NO;
				MTL_FAST_MATH = YES;
				SDKROOT = iphoneos;
				SWIFT_COMPILATION_MODE = wholemodule;
				VALIDATE_PRODUCT = YES;
			};
			name = Release;
		};
		7CFB913A2EDE7D6200F01A21 /* Debug */ = {
			isa = XCBuildConfiguration;
			baseConfigurationReference = 962B8699098C6B58AB2997A8 /* Pods-FaceAISDK_iOS.debug.xcconfig */;
			buildSettings = {
				ASSETCATALOG_COMPILER_APPICON_NAME = AppIcon;
				ASSETCATALOG_COMPILER_GLOBAL_ACCENT_COLOR_NAME = AccentColor;
				CODE_SIGN_STYLE = Automatic;
				CURRENT_PROJECT_VERSION = 2;
				DEVELOPMENT_ASSET_PATHS = "";
				DEVELOPMENT_TEAM = G35M5X479Y;
				ENABLE_PREVIEWS = NO;
				FRAMEWORK_SEARCH_PATHS = "$(inherited)";
				GENERATE_INFOPLIST_FILE = YES;
				INFOPLIST_KEY_CFBundleDisplayName = FaceAISDK;
				INFOPLIST_KEY_LSApplicationCategoryType = "public.app-category.developer-tools";
				INFOPLIST_KEY_NSCameraUsageDescription = "人脸识别需要通过摄像头进行验证";
				INFOPLIST_KEY_UIApplicationSceneManifest_Generation = YES;
				INFOPLIST_KEY_UIApplicationSupportsIndirectInputEvents = YES;
				INFOPLIST_KEY_UILaunchScreen_Generation = YES;
				INFOPLIST_KEY_UISupportedInterfaceOrientations_iPad = "UIInterfaceOrientationPortrait UIInterfaceOrientationPortraitUpsideDown UIInterfaceOrientationLandscapeLeft UIInterfaceOrientationLandscapeRight";
				INFOPLIST_KEY_UISupportedInterfaceOrientations_iPhone = "UIInterfaceOrientationPortrait UIInterfaceOrientationLandscapeLeft UIInterfaceOrientationLandscapeRight";
				LD_RUNPATH_SEARCH_PATHS = (
					"$(inherited)",
					"@executable_path/Frameworks",
				);
				MARKETING_VERSION = 2.0;
				PRODUCT_BUNDLE_IDENTIFIER = com.facesdk.demo;
				PRODUCT_NAME = "$(TARGET_NAME)";
				SWIFT_EMIT_LOC_STRINGS = YES;
				SWIFT_VERSION = 5.0;
				TARGETED_DEVICE_FAMILY = "1,2";
			};
			name = Debug;
		};
		7CFB913B2EDE7D6200F01A21 /* Release */ = {
			isa = XCBuildConfiguration;
			baseConfigurationReference = 0AD83DB9F43FA3ECFEF34586 /* Pods-FaceAISDK_iOS.release.xcconfig */;
			buildSettings = {
				ASSETCATALOG_COMPILER_APPICON_NAME = AppIcon;
				ASSETCATALOG_COMPILER_GLOBAL_ACCENT_COLOR_NAME = AccentColor;
				CODE_SIGN_STYLE = Automatic;
				CURRENT_PROJECT_VERSION = 2;
				DEVELOPMENT_ASSET_PATHS = "";
				DEVELOPMENT_TEAM = G35M5X479Y;
				ENABLE_PREVIEWS = NO;
				FRAMEWORK_SEARCH_PATHS = "$(inherited)";
				GENERATE_INFOPLIST_FILE = YES;
				INFOPLIST_KEY_CFBundleDisplayName = FaceAISDK;
				INFOPLIST_KEY_LSApplicationCategoryType = "public.app-category.developer-tools";
				INFOPLIST_KEY_NSCameraUsageDescription = "人脸识别需要通过摄像头进行验证";
				INFOPLIST_KEY_UIApplicationSceneManifest_Generation = YES;
				INFOPLIST_KEY_UIApplicationSupportsIndirectInputEvents = YES;
				INFOPLIST_KEY_UILaunchScreen_Generation = YES;
				INFOPLIST_KEY_UISupportedInterfaceOrientations_iPad = "UIInterfaceOrientationPortrait UIInterfaceOrientationPortraitUpsideDown UIInterfaceOrientationLandscapeLeft UIInterfaceOrientationLandscapeRight";
				INFOPLIST_KEY_UISupportedInterfaceOrientations_iPhone = "UIInterfaceOrientationPortrait UIInterfaceOrientationLandscapeLeft UIInterfaceOrientationLandscapeRight";
				LD_RUNPATH_SEARCH_PATHS = (
					"$(inherited)",
					"@executable_path/Frameworks",
				);
				MARKETING_VERSION = 2.0;
				PRODUCT_BUNDLE_IDENTIFIER = com.facesdk.demo;
				PRODUCT_NAME = "$(TARGET_NAME)";
				SWIFT_EMIT_LOC_STRINGS = YES;
				SWIFT_VERSION = 5.0;
				TARGETED_DEVICE_FAMILY = "1,2";
			};
			name = Release;
		};
/* End XCBuildConfiguration section */

/* Begin XCConfigurationList section */
		7CFB91262EDE7D5F00F01A21 /* Build configuration list for PBXProject "FaceAISDK_iOS" */ = {
			isa = XCConfigurationList;
			buildConfigurations = (
				7CFB91372EDE7D6200F01A21 /* Debug */,
				7CFB91382EDE7D6200F01A21 /* Release */,
			);
			defaultConfigurationIsVisible = 0;
			defaultConfigurationName = Release;
		};
		7CFB91392EDE7D6200F01A21 /* Build configuration list for PBXNativeTarget "FaceAISDK_iOS" */ = {
			isa = XCConfigurationList;
			buildConfigurations = (
				7CFB913A2EDE7D6200F01A21 /* Debug */,
				7CFB913B2EDE7D6200F01A21 /* Release */,
			);
			defaultConfigurationIsVisible = 0;
			defaultConfigurationName = Release;
		};
/* End XCConfigurationList section */
	};
	rootObject = 7CFB91232EDE7D5F00F01A21 /* Project object */;
}
